
Microsoft Visual Studio Solution File, Format Version 12.00
# Visual Studio Version 17
VisualStudioVersion = 17.2.32526.322
MinimumVisualStudioVersion = 10.0.40219.1
Project("{FAE04EC0-301F-11D3-BF4B-00C04F79EFBC}") = "GimbalTrim", "GimbalTrim.csproj", "{EC9F45E9-2C5F-4503-9D1C-7E5CBE128F12}"
EndProject
Global
	GlobalSection(SolutionConfigurationPlatforms) = preSolution
		Debug|Any CPU = Debug|Any CPU
		Release|Any CPU = Release|Any CPU
	EndGlobalSection
	GlobalSection(ProjectConfigurationPlatforms) = postSolution
		{EC9F45E9-2C5F-4503-9D1C-7E5CBE128F12}.Debug|Any CPU.ActiveCfg = Debug|Any CPU
		{EC9F45E9-2C5F-4503-9D1C-7E5CBE128F12}.Debug|Any CPU.Build.0 = Debug|Any CPU
		{EC9F45E9-2C5F-4503-9D1C-7E5CBE128F12}.Release|Any CPU.ActiveCfg = Release|Any CPU
		{EC9F45E9-2C5F-4503-9D1C-7E5CBE128F12}.Release|Any CPU.Build.0 = Release|Any CPU
	EndGlobalSection
	GlobalSection(SolutionProperties) = preSolution
		HideSolutionNode = FALSE
	EndGlobalSection
	GlobalSection(ExtensibilityGlobals) = postSolution
		SolutionGuid = {7B5173C9-205C-4103-B264-792D42999191}
	EndGlobalSection
EndGlobal
